
Microsoft Visual Studio Solution File, Format Version 12.00
# Visual Studio Version 17
VisualStudioVersion = 17.8.34309.116
MinimumVisualStudioVersion = 10.0.40219.1
Project("{FAE04EC0-301F-11D3-BF4B-00C04F79EFBC}") = "ContactDbLib", "ContactDbLib\ContactDbLib.csproj", "{4EBDF4AB-F929-4CD0-92B4-D83A660F180D}"
EndProject
Global
	GlobalSection(SolutionConfigurationPlatforms) = preSolution
		Debug|Any CPU = Debug|Any CPU
		Release|Any CPU = Release|Any CPU
	EndGlobalSection
	GlobalSection(ProjectConfigurationPlatforms) = postSolution
		{4EBDF4AB-F929-4CD0-92B4-D83A660F180D}.Debug|Any CPU.ActiveCfg = Debug|Any CPU
		{4EBDF4AB-F929-4CD0-92B4-D83A660F180D}.Debug|Any CPU.Build.0 = Debug|Any CPU
		{4EBDF4AB-F929-4CD0-92B4-D83A660F180D}.Release|Any CPU.ActiveCfg = Release|Any CPU
		{4EBDF4AB-F929-4CD0-92B4-D83A660F180D}.Release|Any CPU.Build.0 = Release|Any CPU
	EndGlobalSection
	GlobalSection(SolutionProperties) = preSolution
		HideSolutionNode = FALSE
	EndGlobalSection
	GlobalSection(ExtensibilityGlobals) = postSolution
		SolutionGuid = {B1CD3691-543C-43BC-8E36-3214F5D47EBC}
	EndGlobalSection
EndGlobal
